
Microsoft Visual Studio Solution File, Format Version 12.00
# Visual Studio Version 17
VisualStudioVersion = 17.5.2.0
MinimumVisualStudioVersion = 10.0.40219.1
Project("{FAE04EC0-301F-11D3-BF4B-00C04F79EFBC}") = "ECommerce.ProductCatalog.Api", "ECommerce.ProductCatalog.Api\ECommerce.ProductCatalog.Api.csproj", "{C177A8B9-FA73-4824-9670-27A16203E4D0}"
EndProject
Project("{FAE04EC0-301F-11D3-BF4B-00C04F79EFBC}") = "ECommerce.ProductCatalog.Domain", "ECommerce.ProductCatalog.Domain\ECommerce.ProductCatalog.Domain.csproj", "{7BFA1270-9F01-4C67-8CF4-6B404138FFAA}"
EndProject
Project("{FAE04EC0-301F-11D3-BF4B-00C04F79EFBC}") = "ECommerce.ProductCatalog.Application", "ECommerce.ProductCatalog.Application\ECommerce.ProductCatalog.Application.csproj", "{E6FE64C7-D5A8-4DCA-966D-96DFB2CC9D61}"
EndProject
Project("{FAE04EC0-301F-11D3-BF4B-00C04F79EFBC}") = "ECommerce.ProductCatalog.Infrastructure", "ECommerce.ProductCatalog.Infrastructure\ECommerce.ProductCatalog.Infrastructure.csproj", "{9BB23FD7-8859-4CBD-98E8-FDDF974D3909}"
EndProject
Global
	GlobalSection(SolutionConfigurationPlatforms) = preSolution
		Debug|Any CPU = Debug|Any CPU
		Debug|x64 = Debug|x64
		Debug|x86 = Debug|x86
		Release|Any CPU = Release|Any CPU
		Release|x64 = Release|x64
		Release|x86 = Release|x86
	EndGlobalSection
	GlobalSection(ProjectConfigurationPlatforms) = postSolution
		{C177A8B9-FA73-4824-9670-27A16203E4D0}.Debug|Any CPU.ActiveCfg = Debug|Any CPU
		{C177A8B9-FA73-4824-9670-27A16203E4D0}.Debug|Any CPU.Build.0 = Debug|Any CPU
		{C177A8B9-FA73-4824-9670-27A16203E4D0}.Debug|x64.ActiveCfg = Debug|Any CPU
		{C177A8B9-FA73-4824-9670-27A16203E4D0}.Debug|x64.Build.0 = Debug|Any CPU
		{C177A8B9-FA73-4824-9670-27A16203E4D0}.Debug|x86.ActiveCfg = Debug|Any CPU
		{C177A8B9-FA73-4824-9670-27A16203E4D0}.Debug|x86.Build.0 = Debug|Any CPU
		{C177A8B9-FA73-4824-9670-27A16203E4D0}.Release|Any CPU.ActiveCfg = Release|Any CPU
		{C177A8B9-FA73-4824-9670-27A16203E4D0}.Release|Any CPU.Build.0 = Release|Any CPU
		{C177A8B9-FA73-4824-9670-27A16203E4D0}.Release|x64.ActiveCfg = Release|Any CPU
		{C177A8B9-FA73-4824-9670-27A16203E4D0}.Release|x64.Build.0 = Release|Any CPU
		{C177A8B9-FA73-4824-9670-27A16203E4D0}.Release|x86.ActiveCfg = Release|Any CPU
		{C177A8B9-FA73-4824-9670-27A16203E4D0}.Release|x86.Build.0 = Release|Any CPU
		{7BFA1270-9F01-4C67-8CF4-6B404138FFAA}.Debug|Any CPU.ActiveCfg = Debug|Any CPU
		{7BFA1270-9F01-4C67-8CF4-6B404138FFAA}.Debug|Any CPU.Build.0 = Debug|Any CPU
		{7BFA1270-9F01-4C67-8CF4-6B404138FFAA}.Debug|x64.ActiveCfg = Debug|Any CPU
		{7BFA1270-9F01-4C67-8CF4-6B404138FFAA}.Debug|x64.Build.0 = Debug|Any CPU
		{7BFA1270-9F01-4C67-8CF4-6B404138FFAA}.Debug|x86.ActiveCfg = Debug|Any CPU
		{7BFA1270-9F01-4C67-8CF4-6B404138FFAA}.Debug|x86.Build.0 = Debug|Any CPU
		{7BFA1270-9F01-4C67-8CF4-6B404138FFAA}.Release|Any CPU.ActiveCfg = Release|Any CPU
		{7BFA1270-9F01-4C67-8CF4-6B404138FFAA}.Release|Any CPU.Build.0 = Release|Any CPU
		{7BFA1270-9F01-4C67-8CF4-6B404138FFAA}.Release|x64.ActiveCfg = Release|Any CPU
		{7BFA1270-9F01-4C67-8CF4-6B404138FFAA}.Release|x64.Build.0 = Release|Any CPU
		{7BFA1270-9F01-4C67-8CF4-6B404138FFAA}.Release|x86.ActiveCfg = Release|Any CPU
		{7BFA1270-9F01-4C67-8CF4-6B404138FFAA}.Release|x86.Build.0 = Release|Any CPU
		{E6FE64C7-D5A8-4DCA-966D-96DFB2CC9D61}.Debug|Any CPU.ActiveCfg = Debug|Any CPU
		{E6FE64C7-D5A8-4DCA-966D-96DFB2CC9D61}.Debug|Any CPU.Build.0 = Debug|Any CPU
		{E6FE64C7-D5A8-4DCA-966D-96DFB2CC9D61}.Debug|x64.ActiveCfg = Debug|Any CPU
		{E6FE64C7-D5A8-4DCA-966D-96DFB2CC9D61}.Debug|x64.Build.0 = Debug|Any CPU
		{E6FE64C7-D5A8-4DCA-966D-96DFB2CC9D61}.Debug|x86.ActiveCfg = Debug|Any CPU
		{E6FE64C7-D5A8-4DCA-966D-96DFB2CC9D61}.Debug|x86.Build.0 = Debug|Any CPU
		{E6FE64C7-D5A8-4DCA-966D-96DFB2CC9D61}.Release|Any CPU.ActiveCfg = Release|Any CPU
		{E6FE64C7-D5A8-4DCA-966D-96DFB2CC9D61}.Release|Any CPU.Build.0 = Release|Any CPU
		{E6FE64C7-D5A8-4DCA-966D-96DFB2CC9D61}.Release|x64.ActiveCfg = Release|Any CPU
		{E6FE64C7-D5A8-4DCA-966D-96DFB2CC9D61}.Release|x64.Build.0 = Release|Any CPU
		{E6FE64C7-D5A8-4DCA-966D-96DFB2CC9D61}.Release|x86.ActiveCfg = Release|Any CPU
		{E6FE64C7-D5A8-4DCA-966D-96DFB2CC9D61}.Release|x86.Build.0 = Release|Any CPU
		{9BB23FD7-8859-4CBD-98E8-FDDF974D3909}.Debug|Any CPU.ActiveCfg = Debug|Any CPU
		{9BB23FD7-8859-4CBD-98E8-FDDF974D3909}.Debug|Any CPU.Build.0 = Debug|Any CPU
		{9BB23FD7-8859-4CBD-98E8-FDDF974D3909}.Debug|x64.ActiveCfg = Debug|Any CPU
		{9BB23FD7-8859-4CBD-98E8-FDDF974D3909}.Debug|x64.Build.0 = Debug|Any CPU
		{9BB23FD7-8859-4CBD-98E8-FDDF974D3909}.Debug|x86.ActiveCfg = Debug|Any CPU
		{9BB23FD7-8859-4CBD-98E8-FDDF974D3909}.Debug|x86.Build.0 = Debug|Any CPU
		{9BB23FD7-8859-4CBD-98E8-FDDF974D3909}.Release|Any CPU.ActiveCfg = Release|Any CPU
		{9BB23FD7-8859-4CBD-98E8-FDDF974D3909}.Release|Any CPU.Build.0 = Release|Any CPU
		{9BB23FD7-8859-4CBD-98E8-FDDF974D3909}.Release|x64.ActiveCfg = Release|Any CPU
		{9BB23FD7-8859-4CBD-98E8-FDDF974D3909}.Release|x64.Build.0 = Release|Any CPU
		{9BB23FD7-8859-4CBD-98E8-FDDF974D3909}.Release|x86.ActiveCfg = Release|Any CPU
		{9BB23FD7-8859-4CBD-98E8-FDDF974D3909}.Release|x86.Build.0 = Release|Any CPU
	EndGlobalSection
	GlobalSection(SolutionProperties) = preSolution
		HideSolutionNode = FALSE
	EndGlobalSection
	GlobalSection(ExtensibilityGlobals) = postSolution
		SolutionGuid = {620E3DCB-58C5-4533-A276-53560DF94879}
	EndGlobalSection
EndGlobal
